
Microsoft Visual Studio Solution File, Format Version 12.00
# Visual Studio Version 17
VisualStudioVersion = 17.11.35312.102
MinimumVisualStudioVersion = 10.0.40219.1
Project("{FAE04EC0-301F-11D3-BF4B-00C04F79EFBC}") = "ProductAPi", "ProductAPi\ProductAPi.csproj", "{5D5798CA-4F2D-4CC2-B12A-BF3B9C5DCDF2}"
EndProject
Project("{2150E333-8FDC-42A3-9474-1A3956D46DE8}") = "Solution Items", "Solution Items", "{F4797A6A-897E-438E-9ED8-13C803A5C13D}"
	ProjectSection(SolutionItems) = preProject
		.gitignore = .gitignore
	EndProjectSection
EndProject
Global
	GlobalSection(SolutionConfigurationPlatforms) = preSolution
		Debug|Any CPU = Debug|Any CPU
		Release|Any CPU = Release|Any CPU
	EndGlobalSection
	GlobalSection(ProjectConfigurationPlatforms) = postSolution
		{5D5798CA-4F2D-4CC2-B12A-BF3B9C5DCDF2}.Debug|Any CPU.ActiveCfg = Debug|Any CPU
		{5D5798CA-4F2D-4CC2-B12A-BF3B9C5DCDF2}.Debug|Any CPU.Build.0 = Debug|Any CPU
		{5D5798CA-4F2D-4CC2-B12A-BF3B9C5DCDF2}.Release|Any CPU.ActiveCfg = Release|Any CPU
		{5D5798CA-4F2D-4CC2-B12A-BF3B9C5DCDF2}.Release|Any CPU.Build.0 = Release|Any CPU
	EndGlobalSection
	GlobalSection(SolutionProperties) = preSolution
		HideSolutionNode = FALSE
	EndGlobalSection
	GlobalSection(ExtensibilityGlobals) = postSolution
		SolutionGuid = {2FFC25F5-5711-4CE6-8FCB-D792152F0B96}
	EndGlobalSection
EndGlobal
